
Microsoft Visual Studio Solution File, Format Version 12.00
# Visual Studio Version 16
VisualStudioVersion = 16.0.29209.62
MinimumVisualStudioVersion = 10.0.40219.1
Project("{FAE04EC0-301F-11D3-BF4B-00C04F79EFBC}") = "CapaBLL", "BLL\CapaBLL.csproj", "{741FBB73-0976-4648-BE87-681BD69257D5}"
EndProject
Project("{FAE04EC0-301F-11D3-BF4B-00C04F79EFBC}") = "CapaDAL", "DAL\CapaDAL.csproj", "{F991E397-6A5C-44DC-AD26-CF6BF03D7541}"
EndProject
Project("{FAE04EC0-301F-11D3-BF4B-00C04F79EFBC}") = "CapaBO", "BO\CapaBO.csproj", "{19946366-1E0F-43EA-B7EC-1D3E729D75DF}"
EndProject
Project("{FAE04EC0-301F-11D3-BF4B-00C04F79EFBC}") = "TarjaAEP", "TarjaAEP\TarjaAEP.csproj", "{62072B1C-38DD-48FA-92CA-D61A0B03C221}"
EndProject
Project("{54435603-DBB4-11D2-8724-00A0C9A8B90C}") = "InstaladorTarja", "InstaladorTarja\InstaladorTarja.vdproj", "{183BE870-503C-42A6-B79A-32F17F6E96AB}"
EndProject
Global
	GlobalSection(SolutionConfigurationPlatforms) = preSolution
		Debug|Any CPU = Debug|Any CPU
		Release|Any CPU = Release|Any CPU
	EndGlobalSection
	GlobalSection(ProjectConfigurationPlatforms) = postSolution
		{741FBB73-0976-4648-BE87-681BD69257D5}.Debug|Any CPU.ActiveCfg = Debug|Any CPU
		{741FBB73-0976-4648-BE87-681BD69257D5}.Debug|Any CPU.Build.0 = Debug|Any CPU
		{741FBB73-0976-4648-BE87-681BD69257D5}.Release|Any CPU.ActiveCfg = Release|Any CPU
		{741FBB73-0976-4648-BE87-681BD69257D5}.Release|Any CPU.Build.0 = Release|Any CPU
		{F991E397-6A5C-44DC-AD26-CF6BF03D7541}.Debug|Any CPU.ActiveCfg = Debug|Any CPU
		{F991E397-6A5C-44DC-AD26-CF6BF03D7541}.Debug|Any CPU.Build.0 = Debug|Any CPU
		{F991E397-6A5C-44DC-AD26-CF6BF03D7541}.Release|Any CPU.ActiveCfg = Release|Any CPU
		{F991E397-6A5C-44DC-AD26-CF6BF03D7541}.Release|Any CPU.Build.0 = Release|Any CPU
		{19946366-1E0F-43EA-B7EC-1D3E729D75DF}.Debug|Any CPU.ActiveCfg = Debug|Any CPU
		{19946366-1E0F-43EA-B7EC-1D3E729D75DF}.Debug|Any CPU.Build.0 = Debug|Any CPU
		{19946366-1E0F-43EA-B7EC-1D3E729D75DF}.Release|Any CPU.ActiveCfg = Release|Any CPU
		{19946366-1E0F-43EA-B7EC-1D3E729D75DF}.Release|Any CPU.Build.0 = Release|Any CPU
		{62072B1C-38DD-48FA-92CA-D61A0B03C221}.Debug|Any CPU.ActiveCfg = Debug|Any CPU
		{62072B1C-38DD-48FA-92CA-D61A0B03C221}.Debug|Any CPU.Build.0 = Debug|Any CPU
		{62072B1C-38DD-48FA-92CA-D61A0B03C221}.Release|Any CPU.ActiveCfg = Release|Any CPU
		{62072B1C-38DD-48FA-92CA-D61A0B03C221}.Release|Any CPU.Build.0 = Release|Any CPU
		{183BE870-503C-42A6-B79A-32F17F6E96AB}.Debug|Any CPU.ActiveCfg = Debug
		{183BE870-503C-42A6-B79A-32F17F6E96AB}.Release|Any CPU.ActiveCfg = Release
	EndGlobalSection
	GlobalSection(SolutionProperties) = preSolution
		HideSolutionNode = FALSE
	EndGlobalSection
	GlobalSection(ExtensibilityGlobals) = postSolution
		SolutionGuid = {38C2ABEC-BFD0-49A3-A4C4-9ED2BEA501E4}
	EndGlobalSection
EndGlobal
